
Microsoft Visual Studio Solution File, Format Version 12.00
# Visual Studio Version 17
VisualStudioVersion = 17.3.32819.101
MinimumVisualStudioVersion = 10.0.40219.1
Project("{FAE04EC0-301F-11D3-BF4B-00C04F79EFBC}") = "Chelsea.core", "Chelsea.core\Chelsea.core.csproj", "{0B57CBD5-6152-462B-B877-BFCB6E44F190}"
EndProject
Project("{FAE04EC0-301F-11D3-BF4B-00C04F79EFBC}") = "Chelsea.services", "Chelsea.services\Chelsea.services.csproj", "{649FF05C-7C3C-4516-9F08-314E1CC031AB}"
EndProject
Project("{FAE04EC0-301F-11D3-BF4B-00C04F79EFBC}") = "Chelsea.Data.AccessMemory", "Chelsea.Data.AccessMemory\Chelsea.Data.AccessMemory.csproj", "{B1ED69C9-9D55-4766-81C6-ADDDC1FCEB5E}"
EndProject
Project("{FAE04EC0-301F-11D3-BF4B-00C04F79EFBC}") = "Chelsea.Data.Accesss.SQL", "Chelsea.Data.Accesss.SQL\Chelsea.Data.Accesss.SQL.csproj", "{C33AACC1-C11C-412F-8FC4-A8B3B7F54205}"
EndProject
Project("{FAE04EC0-301F-11D3-BF4B-00C04F79EFBC}") = "Chelsea.ui", "Chelsea.ui\Chelsea.ui.csproj", "{01C87063-F13D-428B-8266-194F5DF12E87}"
EndProject
Project("{FAE04EC0-301F-11D3-BF4B-00C04F79EFBC}") = "Chelsea.ui.Tests", "Chelsea.ui.Tests\Chelsea.ui.Tests.csproj", "{2669CA52-0A12-4955-821F-A1DC97BBC3F5}"
EndProject
Global
	GlobalSection(SolutionConfigurationPlatforms) = preSolution
		Debug|Any CPU = Debug|Any CPU
		Release|Any CPU = Release|Any CPU
	EndGlobalSection
	GlobalSection(ProjectConfigurationPlatforms) = postSolution
		{0B57CBD5-6152-462B-B877-BFCB6E44F190}.Debug|Any CPU.ActiveCfg = Debug|Any CPU
		{0B57CBD5-6152-462B-B877-BFCB6E44F190}.Debug|Any CPU.Build.0 = Debug|Any CPU
		{0B57CBD5-6152-462B-B877-BFCB6E44F190}.Release|Any CPU.ActiveCfg = Release|Any CPU
		{0B57CBD5-6152-462B-B877-BFCB6E44F190}.Release|Any CPU.Build.0 = Release|Any CPU
		{649FF05C-7C3C-4516-9F08-314E1CC031AB}.Debug|Any CPU.ActiveCfg = Debug|Any CPU
		{649FF05C-7C3C-4516-9F08-314E1CC031AB}.Debug|Any CPU.Build.0 = Debug|Any CPU
		{649FF05C-7C3C-4516-9F08-314E1CC031AB}.Release|Any CPU.ActiveCfg = Release|Any CPU
		{649FF05C-7C3C-4516-9F08-314E1CC031AB}.Release|Any CPU.Build.0 = Release|Any CPU
		{B1ED69C9-9D55-4766-81C6-ADDDC1FCEB5E}.Debug|Any CPU.ActiveCfg = Debug|Any CPU
		{B1ED69C9-9D55-4766-81C6-ADDDC1FCEB5E}.Debug|Any CPU.Build.0 = Debug|Any CPU
		{B1ED69C9-9D55-4766-81C6-ADDDC1FCEB5E}.Release|Any CPU.ActiveCfg = Release|Any CPU
		{B1ED69C9-9D55-4766-81C6-ADDDC1FCEB5E}.Release|Any CPU.Build.0 = Release|Any CPU
		{C33AACC1-C11C-412F-8FC4-A8B3B7F54205}.Debug|Any CPU.ActiveCfg = Debug|Any CPU
		{C33AACC1-C11C-412F-8FC4-A8B3B7F54205}.Debug|Any CPU.Build.0 = Debug|Any CPU
		{C33AACC1-C11C-412F-8FC4-A8B3B7F54205}.Release|Any CPU.ActiveCfg = Release|Any CPU
		{C33AACC1-C11C-412F-8FC4-A8B3B7F54205}.Release|Any CPU.Build.0 = Release|Any CPU
		{01C87063-F13D-428B-8266-194F5DF12E87}.Debug|Any CPU.ActiveCfg = Debug|Any CPU
		{01C87063-F13D-428B-8266-194F5DF12E87}.Debug|Any CPU.Build.0 = Debug|Any CPU
		{01C87063-F13D-428B-8266-194F5DF12E87}.Release|Any CPU.ActiveCfg = Release|Any CPU
		{01C87063-F13D-428B-8266-194F5DF12E87}.Release|Any CPU.Build.0 = Release|Any CPU
		{2669CA52-0A12-4955-821F-A1DC97BBC3F5}.Debug|Any CPU.ActiveCfg = Debug|Any CPU
		{2669CA52-0A12-4955-821F-A1DC97BBC3F5}.Debug|Any CPU.Build.0 = Debug|Any CPU
		{2669CA52-0A12-4955-821F-A1DC97BBC3F5}.Release|Any CPU.ActiveCfg = Release|Any CPU
		{2669CA52-0A12-4955-821F-A1DC97BBC3F5}.Release|Any CPU.Build.0 = Release|Any CPU
	EndGlobalSection
	GlobalSection(SolutionProperties) = preSolution
		HideSolutionNode = FALSE
	EndGlobalSection
	GlobalSection(ExtensibilityGlobals) = postSolution
		SolutionGuid = {38157428-570F-4A5D-8A6A-CC7B60E560E2}
	EndGlobalSection
EndGlobal
